
Microsoft Visual Studio Solution File, Format Version 12.00
# Visual Studio Version 17
VisualStudioVersion = 17.4.33403.182
MinimumVisualStudioVersion = 10.0.40219.1
Project("{FAE04EC0-301F-11D3-BF4B-00C04F79EFBC}") = "PARCIAL 2", "PARCIAL 2\PARCIAL 2.csproj", "{CB525C48-6AB0-4F7F-8BF5-A12F6296DC0A}"
EndProject
Global
	GlobalSection(SolutionConfigurationPlatforms) = preSolution
		Debug|Any CPU = Debug|Any CPU
		Release|Any CPU = Release|Any CPU
	EndGlobalSection
	GlobalSection(ProjectConfigurationPlatforms) = postSolution
		{CB525C48-6AB0-4F7F-8BF5-A12F6296DC0A}.Debug|Any CPU.ActiveCfg = Debug|Any CPU
		{CB525C48-6AB0-4F7F-8BF5-A12F6296DC0A}.Debug|Any CPU.Build.0 = Debug|Any CPU
		{CB525C48-6AB0-4F7F-8BF5-A12F6296DC0A}.Release|Any CPU.ActiveCfg = Release|Any CPU
		{CB525C48-6AB0-4F7F-8BF5-A12F6296DC0A}.Release|Any CPU.Build.0 = Release|Any CPU
	EndGlobalSection
	GlobalSection(SolutionProperties) = preSolution
		HideSolutionNode = FALSE
	EndGlobalSection
	GlobalSection(ExtensibilityGlobals) = postSolution
		SolutionGuid = {411EF96F-045F-407A-B8B4-BE1EE01CAE15}
	EndGlobalSection
EndGlobal
